
Microsoft Visual Studio Solution File, Format Version 12.00
# Visual Studio Version 16
VisualStudioVersion = 16.0.31729.503
MinimumVisualStudioVersion = 10.0.40219.1
Project("{FAE04EC0-301F-11D3-BF4B-00C04F79EFBC}") = "CursoEFCore", "CursoEFCore.csproj", "{84BAD96C-E9F0-44E5-A77F-FB96D8E0D75C}"
EndProject
Global
	GlobalSection(SolutionConfigurationPlatforms) = preSolution
		Debug|Any CPU = Debug|Any CPU
		Release|Any CPU = Release|Any CPU
	EndGlobalSection
	GlobalSection(ProjectConfigurationPlatforms) = postSolution
		{84BAD96C-E9F0-44E5-A77F-FB96D8E0D75C}.Debug|Any CPU.ActiveCfg = Debug|Any CPU
		{84BAD96C-E9F0-44E5-A77F-FB96D8E0D75C}.Debug|Any CPU.Build.0 = Debug|Any CPU
		{84BAD96C-E9F0-44E5-A77F-FB96D8E0D75C}.Release|Any CPU.ActiveCfg = Release|Any CPU
		{84BAD96C-E9F0-44E5-A77F-FB96D8E0D75C}.Release|Any CPU.Build.0 = Release|Any CPU
	EndGlobalSection
	GlobalSection(SolutionProperties) = preSolution
		HideSolutionNode = FALSE
	EndGlobalSection
	GlobalSection(ExtensibilityGlobals) = postSolution
		SolutionGuid = {421B148D-D2F4-42F1-A953-F28E25FD324E}
	EndGlobalSection
EndGlobal
